
Microsoft Visual Studio Solution File, Format Version 12.00
# Visual Studio 2013
Project("{FAE04EC0-301F-11D3-BF4B-00C04F79EFBC}") = "UnityVS.Game_Unity3D_04_Gates_Michael.CSharp.Plugins", "UnityVS.Game_Unity3D_04_Gates_Michael.CSharp.Plugins.csproj", "{71FB45B5-3BBC-B981-D450-707DF06373AE}"
EndProject
Global
	GlobalSection(SolutionConfigurationPlatforms) = preSolution
		Debug|Any CPU = Debug|Any CPU
		Release|Any CPU = Release|Any CPU
	EndGlobalSection
	GlobalSection(ProjectConfigurationPlatforms) = postSolution
		{71FB45B5-3BBC-B981-D450-707DF06373AE}.Debug|Any CPU.ActiveCfg = Debug|Any CPU
		{71FB45B5-3BBC-B981-D450-707DF06373AE}.Debug|Any CPU.Build.0 = Debug|Any CPU
		{71FB45B5-3BBC-B981-D450-707DF06373AE}.Release|Any CPU.ActiveCfg = Release|Any CPU
		{71FB45B5-3BBC-B981-D450-707DF06373AE}.Release|Any CPU.Build.0 = Release|Any CPU
	EndGlobalSection
	GlobalSection(SolutionProperties) = preSolution
		HideSolutionNode = FALSE
	EndGlobalSection
EndGlobal
